// !$*UTF8*$!
{
	archiveVersion = 1;
	classes = {
	};
	objectVersion = 55;
	objects = {

/* Begin PBXBuildFile section */
		57199BBB270438EC0032EA68 /* AppDelegate.swift in Sources */ = {isa = PBXBuildFile; fileRef = 57199BBA270438EC0032EA68 /* AppDelegate.swift */; };
		57199BBD270438EC0032EA68 /* SceneDelegate.swift in Sources */ = {isa = PBXBuildFile; fileRef = 57199BBC270438EC0032EA68 /* SceneDelegate.swift */; };
		57199BBF270438EC0032EA68 /* ViewController.swift in Sources */ = {isa = PBXBuildFile; fileRef = 57199BBE270438EC0032EA68 /* ViewController.swift */; };
		57199BC2270438EC0032EA68 /* Main.storyboard in Resources */ = {isa = PBXBuildFile; fileRef = 57199BC0270438EC0032EA68 /* Main.storyboard */; };
		57199BC4270438F00032EA68 /* Assets.xcassets in Resources */ = {isa = PBXBuildFile; fileRef = 57199BC3270438F00032EA68 /* Assets.xcassets */; };
		57199BC7270438F00032EA68 /* LaunchScreen.storyboard in Resources */ = {isa = PBXBuildFile; fileRef = 57199BC5270438F00032EA68 /* LaunchScreen.storyboard */; };
		57199BD5270439130032EA68 /* SJZPageListCollectionView.swift in Sources */ = {isa = PBXBuildFile; fileRef = 57199BCF270439120032EA68 /* SJZPageListCollectionView.swift */; };
		57199BD6270439130032EA68 /* SJZPageListView.swift in Sources */ = {isa = PBXBuildFile; fileRef = 57199BD0270439120032EA68 /* SJZPageListView.swift */; };
		57199BD7270439130032EA68 /* SJZPageMainTableView.swift in Sources */ = {isa = PBXBuildFile; fileRef = 57199BD1270439130032EA68 /* SJZPageMainTableView.swift */; };
		57199BD8270439130032EA68 /* SJZPageProcessData.swift in Sources */ = {isa = PBXBuildFile; fileRef = 57199BD2270439130032EA68 /* SJZPageProcessData.swift */; };
		57199BD9270439130032EA68 /* SJZPageListContainerView.swift in Sources */ = {isa = PBXBuildFile; fileRef = 57199BD3270439130032EA68 /* SJZPageListContainerView.swift */; };
		57199BDA270439130032EA68 /* SJZPageListConfigure.swift in Sources */ = {isa = PBXBuildFile; fileRef = 57199BD4270439130032EA68 /* SJZPageListConfigure.swift */; };
		B3AEB9C8826C2DB32FEC3571 /* Pods_SJZPageListView.framework in Frameworks */ = {isa = PBXBuildFile; fileRef = 4D3F7B6973BFDC0B399D3BD1 /* Pods_SJZPageListView.framework */; };
/* End PBXBuildFile section */

/* Begin PBXFileReference section */
		4D3F7B6973BFDC0B399D3BD1 /* Pods_SJZPageListView.framework */ = {isa = PBXFileReference; explicitFileType = wrapper.framework; includeInIndex = 0; path = Pods_SJZPageListView.framework; sourceTree = BUILT_PRODUCTS_DIR; };
		4FD521D045F9619845DD0015 /* Pods-SJZPageListView.release.xcconfig */ = {isa = PBXFileReference; includeInIndex = 1; lastKnownFileType = text.xcconfig; name = "Pods-SJZPageListView.release.xcconfig"; path = "Target Support Files/Pods-SJZPageListView/Pods-SJZPageListView.release.xcconfig"; sourceTree = "<group>"; };
		57199BB7270438EC0032EA68 /* SJZPageListView.app */ = {isa = PBXFileReference; explicitFileType = wrapper.application; includeInIndex = 0; path = SJZPageListView.app; sourceTree = BUILT_PRODUCTS_DIR; };
		57199BBA270438EC0032EA68 /* AppDelegate.swift */ = {isa = PBXFileReference; lastKnownFileType = sourcecode.swift; path = AppDelegate.swift; sourceTree = "<group>"; };
		57199BBC270438EC0032EA68 /* SceneDelegate.swift */ = {isa = PBXFileReference; lastKnownFileType = sourcecode.swift; path = SceneDelegate.swift; sourceTree = "<group>"; };
		57199BBE270438EC0032EA68 /* ViewController.swift */ = {isa = PBXFileReference; lastKnownFileType = sourcecode.swift; path = ViewController.swift; sourceTree = "<group>"; };
		57199BC1270438EC0032EA68 /* Base */ = {isa = PBXFileReference; lastKnownFileType = file.storyboard; name = Base; path = Base.lproj/Main.storyboard; sourceTree = "<group>"; };
		57199BC3270438F00032EA68 /* Assets.xcassets */ = {isa = PBXFileReference; lastKnownFileType = folder.assetcatalog; path = Assets.xcassets; sourceTree = "<group>"; };
		57199BC6270438F00032EA68 /* Base */ = {isa = PBXFileReference; lastKnownFileType = file.storyboard; name = Base; path = Base.lproj/LaunchScreen.storyboard; sourceTree = "<group>"; };
		57199BC8270438F00032EA68 /* Info.plist */ = {isa = PBXFileReference; lastKnownFileType = text.plist.xml; path = Info.plist; sourceTree = "<group>"; };
		57199BCF270439120032EA68 /* SJZPageListCollectionView.swift */ = {isa = PBXFileReference; fileEncoding = 4; lastKnownFileType = sourcecode.swift; path = SJZPageListCollectionView.swift; sourceTree = "<group>"; };
		57199BD0270439120032EA68 /* SJZPageListView.swift */ = {isa = PBXFileReference; fileEncoding = 4; lastKnownFileType = sourcecode.swift; path = SJZPageListView.swift; sourceTree = "<group>"; };
		57199BD1270439130032EA68 /* SJZPageMainTableView.swift */ = {isa = PBXFileReference; fileEncoding = 4; lastKnownFileType = sourcecode.swift; path = SJZPageMainTableView.swift; sourceTree = "<group>"; };
		57199BD2270439130032EA68 /* SJZPageProcessData.swift */ = {isa = PBXFileReference; fileEncoding = 4; lastKnownFileType = sourcecode.swift; path = SJZPageProcessData.swift; sourceTree = "<group>"; };
		57199BD3270439130032EA68 /* SJZPageListContainerView.swift */ = {isa = PBXFileReference; fileEncoding = 4; lastKnownFileType = sourcecode.swift; path = SJZPageListContainerView.swift; sourceTree = "<group>"; };
		57199BD4270439130032EA68 /* SJZPageListConfigure.swift */ = {isa = PBXFileReference; fileEncoding = 4; lastKnownFileType = sourcecode.swift; path = SJZPageListConfigure.swift; sourceTree = "<group>"; };
		E1B048AEDE6FCBE14166E4AA /* Pods-SJZPageListView.debug.xcconfig */ = {isa = PBXFileReference; includeInIndex = 1; lastKnownFileType = text.xcconfig; name = "Pods-SJZPageListView.debug.xcconfig"; path = "Target Support Files/Pods-SJZPageListView/Pods-SJZPageListView.debug.xcconfig"; sourceTree = "<group>"; };
/* End PBXFileReference section */

/* Begin PBXFrameworksBuildPhase section */
		57199BB4270438EC0032EA68 /* Frameworks */ = {
			isa = PBXFrameworksBuildPhase;
			buildActionMask = 2147483647;
			files = (
				B3AEB9C8826C2DB32FEC3571 /* Pods_SJZPageListView.framework in Frameworks */,
			);
			runOnlyForDeploymentPostprocessing = 0;
		};
/* End PBXFrameworksBuildPhase section */

/* Begin PBXGroup section */
		57199BAE270438EC0032EA68 = {
			isa = PBXGroup;
			children = (
				57199BB9270438EC0032EA68 /* SJZPageListView */,
				57199BB8270438EC0032EA68 /* Products */,
				BF3A9F8263C75CF44CD03B9D /* Pods */,
				CB24D796693F58A6601C0028 /* Frameworks */,
			);
			sourceTree = "<group>";
		};
		57199BB8270438EC0032EA68 /* Products */ = {
			isa = PBXGroup;
			children = (
				57199BB7270438EC0032EA68 /* SJZPageListView.app */,
			);
			name = Products;
			sourceTree = "<group>";
		};
		57199BB9270438EC0032EA68 /* SJZPageListView */ = {
			isa = PBXGroup;
			children = (
				57199BCE270438F90032EA68 /* Class */,
				57199BBA270438EC0032EA68 /* AppDelegate.swift */,
				57199BBC270438EC0032EA68 /* SceneDelegate.swift */,
				57199BBE270438EC0032EA68 /* ViewController.swift */,
				57199BC0270438EC0032EA68 /* Main.storyboard */,
				57199BC3270438F00032EA68 /* Assets.xcassets */,
				57199BC5270438F00032EA68 /* LaunchScreen.storyboard */,
				57199BC8270438F00032EA68 /* Info.plist */,
			);
			path = SJZPageListView;
			sourceTree = "<group>";
		};
		57199BCE270438F90032EA68 /* Class */ = {
			isa = PBXGroup;
			children = (
				57199BCF270439120032EA68 /* SJZPageListCollectionView.swift */,
				57199BD4270439130032EA68 /* SJZPageListConfigure.swift */,
				57199BD3270439130032EA68 /* SJZPageListContainerView.swift */,
				57199BD0270439120032EA68 /* SJZPageListView.swift */,
				57199BD1270439130032EA68 /* SJZPageMainTableView.swift */,
				57199BD2270439130032EA68 /* SJZPageProcessData.swift */,
			);
			path = Class;
			sourceTree = "<group>";
		};
		BF3A9F8263C75CF44CD03B9D /* Pods */ = {
			isa = PBXGroup;
			children = (
				E1B048AEDE6FCBE14166E4AA /* Pods-SJZPageListView.debug.xcconfig */,
				4FD521D045F9619845DD0015 /* Pods-SJZPageListView.release.xcconfig */,
			);
			path = Pods;
			sourceTree = "<group>";
		};
		CB24D796693F58A6601C0028 /* Frameworks */ = {
			isa = PBXGroup;
			children = (
				4D3F7B6973BFDC0B399D3BD1 /* Pods_SJZPageListView.framework */,
			);
			name = Frameworks;
			sourceTree = "<group>";
		};
/* End PBXGroup section */

/* Begin PBXNativeTarget section */
		57199BB6270438EC0032EA68 /* SJZPageListView */ = {
			isa = PBXNativeTarget;
			buildConfigurationList = 57199BCB270438F00032EA68 /* Build configuration list for PBXNativeTarget "SJZPageListView" */;
			buildPhases = (
				8DE43638769A59948C07CE7A /* [CP] Check Pods Manifest.lock */,
				57199BB3270438EC0032EA68 /* Sources */,
				57199BB4270438EC0032EA68 /* Frameworks */,
				57199BB5270438EC0032EA68 /* Resources */,
				2258F86BD171E378CDDB0D99 /* [CP] Embed Pods Frameworks */,
			);
			buildRules = (
			);
			dependencies = (
			);
			name = SJZPageListView;
			productName = SJZPageListView;
			productReference = 57199BB7270438EC0032EA68 /* SJZPageListView.app */;
			productType = "com.apple.product-type.application";
		};
/* End PBXNativeTarget section */

/* Begin PBXProject section */
		57199BAF270438EC0032EA68 /* Project object */ = {
			isa = PBXProject;
			attributes = {
				BuildIndependentTargetsInParallel = 1;
				LastSwiftUpdateCheck = 1300;
				LastUpgradeCheck = 1300;
				TargetAttributes = {
					57199BB6270438EC0032EA68 = {
						CreatedOnToolsVersion = 13.0;
					};
				};
			};
			buildConfigurationList = 57199BB2270438EC0032EA68 /* Build configuration list for PBXProject "SJZPageListView" */;
			compatibilityVersion = "Xcode 13.0";
			developmentRegion = en;
			hasScannedForEncodings = 0;
			knownRegions = (
				en,
				Base,
			);
			mainGroup = 57199BAE270438EC0032EA68;
			productRefGroup = 57199BB8270438EC0032EA68 /* Products */;
			projectDirPath = "";
			projectRoot = "";
			targets = (
				57199BB6270438EC0032EA68 /* SJZPageListView */,
			);
		};
/* End PBXProject section */

/* Begin PBXResourcesBuildPhase section */
		57199BB5270438EC0032EA68 /* Resources */ = {
			isa = PBXResourcesBuildPhase;
			buildActionMask = 2147483647;
			files = (
				57199BC7270438F00032EA68 /* LaunchScreen.storyboard in Resources */,
				57199BC4270438F00032EA68 /* Assets.xcassets in Resources */,
				57199BC2270438EC0032EA68 /* Main.storyboard in Resources */,
			);
			runOnlyForDeploymentPostprocessing = 0;
		};
/* End PBXResourcesBuildPhase section */

/* Begin PBXShellScriptBuildPhase section */
		2258F86BD171E378CDDB0D99 /* [CP] Embed Pods Frameworks */ = {
			isa = PBXShellScriptBuildPhase;
			buildActionMask = 2147483647;
			files = (
			);
			inputFileListPaths = (
				"${PODS_ROOT}/Target Support Files/Pods-SJZPageListView/Pods-SJZPageListView-frameworks-${CONFIGURATION}-input-files.xcfilelist",
			);
			name = "[CP] Embed Pods Frameworks";
			outputFileListPaths = (
				"${PODS_ROOT}/Target Support Files/Pods-SJZPageListView/Pods-SJZPageListView-frameworks-${CONFIGURATION}-output-files.xcfilelist",
			);
			runOnlyForDeploymentPostprocessing = 0;
			shellPath = /bin/sh;
			shellScript = "\"${PODS_ROOT}/Target Support Files/Pods-SJZPageListView/Pods-SJZPageListView-frameworks.sh\"\n";
			showEnvVarsInLog = 0;
		};
		8DE43638769A59948C07CE7A /* [CP] Check Pods Manifest.lock */ = {
			isa = PBXShellScriptBuildPhase;
			buildActionMask = 2147483647;
			files = (
			);
			inputFileListPaths = (
			);
			inputPaths = (
				"${PODS_PODFILE_DIR_PATH}/Podfile.lock",
				"${PODS_ROOT}/Manifest.lock",
			);
			name = "[CP] Check Pods Manifest.lock";
			outputFileListPaths = (
			);
			outputPaths = (
				"$(DERIVED_FILE_DIR)/Pods-SJZPageListView-checkManifestLockResult.txt",
			);
			runOnlyForDeploymentPostprocessing = 0;
			shellPath = /bin/sh;
			shellScript = "diff \"${PODS_PODFILE_DIR_PATH}/Podfile.lock\" \"${PODS_ROOT}/Manifest.lock\" > /dev/null\nif [ $? != 0 ] ; then\n    # print error to STDERR\n    echo \"error: The sandbox is not in sync with the Podfile.lock. Run 'pod install' or update your CocoaPods installation.\" >&2\n    exit 1\nfi\n# This output is used by Xcode 'outputs' to avoid re-running this script phase.\necho \"SUCCESS\" > \"${SCRIPT_OUTPUT_FILE_0}\"\n";
			showEnvVarsInLog = 0;
		};
/* End PBXShellScriptBuildPhase section */

/* Begin PBXSourcesBuildPhase section */
		57199BB3270438EC0032EA68 /* Sources */ = {
			isa = PBXSourcesBuildPhase;
			buildActionMask = 2147483647;
			files = (
				57199BBF270438EC0032EA68 /* ViewController.swift in Sources */,
				57199BD9270439130032EA68 /* SJZPageListContainerView.swift in Sources */,
				57199BBB270438EC0032EA68 /* AppDelegate.swift in Sources */,
				57199BBD270438EC0032EA68 /* SceneDelegate.swift in Sources */,
				57199BD7270439130032EA68 /* SJZPageMainTableView.swift in Sources */,
				57199BDA270439130032EA68 /* SJZPageListConfigure.swift in Sources */,
				57199BD5270439130032EA68 /* SJZPageListCollectionView.swift in Sources */,
				57199BD6270439130032EA68 /* SJZPageListView.swift in Sources */,
				57199BD8270439130032EA68 /* SJZPageProcessData.swift in Sources */,
			);
			runOnlyForDeploymentPostprocessing = 0;
		};
/* End PBXSourcesBuildPhase section */

/* Begin PBXVariantGroup section */
		57199BC0270438EC0032EA68 /* Main.storyboard */ = {
			isa = PBXVariantGroup;
			children = (
				57199BC1270438EC0032EA68 /* Base */,
			);
			name = Main.storyboard;
			sourceTree = "<group>";
		};
		57199BC5270438F00032EA68 /* LaunchScreen.storyboard */ = {
			isa = PBXVariantGroup;
			children = (
				57199BC6270438F00032EA68 /* Base */,
			);
			name = LaunchScreen.storyboard;
			sourceTree = "<group>";
		};
/* End PBXVariantGroup section */

/* Begin XCBuildConfiguration section */
		57199BC9270438F00032EA68 /* Debug */ = {
			isa = XCBuildConfiguration;
			buildSettings = {
				ALWAYS_SEARCH_USER_PATHS = NO;
				CLANG_ANALYZER_NONNULL = YES;
				CLANG_ANALYZER_NUMBER_OBJECT_CONVERSION = YES_AGGRESSIVE;
				CLANG_CXX_LANGUAGE_STANDARD = "gnu++17";
				CLANG_CXX_LIBRARY = "libc++";
				CLANG_ENABLE_MODULES = YES;
				CLANG_ENABLE_OBJC_ARC = YES;
				CLANG_ENABLE_OBJC_WEAK = YES;
				CLANG_WARN_BLOCK_CAPTURE_AUTORELEASING = YES;
				CLANG_WARN_BOOL_CONVERSION = YES;
				CLANG_WARN_COMMA = YES;
				CLANG_WARN_CONSTANT_CONVERSION = YES;
				CLANG_WARN_DEPRECATED_OBJC_IMPLEMENTATIONS = YES;
				CLANG_WARN_DIRECT_OBJC_ISA_USAGE = YES_ERROR;
				CLANG_WARN_DOCUMENTATION_COMMENTS = YES;
				CLANG_WARN_EMPTY_BODY = YES;
				CLANG_WARN_ENUM_CONVERSION = YES;
				CLANG_WARN_INFINITE_RECURSION = YES;
				CLANG_WARN_INT_CONVERSION = YES;
				CLANG_WARN_NON_LITERAL_NULL_CONVERSION = YES;
				CLANG_WARN_OBJC_IMPLICIT_RETAIN_SELF = YES;
				CLANG_WARN_OBJC_LITERAL_CONVERSION = YES;
				CLANG_WARN_OBJC_ROOT_CLASS = YES_ERROR;
				CLANG_WARN_QUOTED_INCLUDE_IN_FRAMEWORK_HEADER = YES;
				CLANG_WARN_RANGE_LOOP_ANALYSIS = YES;
				CLANG_WARN_STRICT_PROTOTYPES = YES;
				CLANG_WARN_SUSPICIOUS_MOVE = YES;
				CLANG_WARN_UNGUARDED_AVAILABILITY = YES_AGGRESSIVE;
				CLANG_WARN_UNREACHABLE_CODE = YES;
				CLANG_WARN__DUPLICATE_METHOD_MATCH = YES;
				COPY_PHASE_STRIP = NO;
				DEBUG_INFORMATION_FORMAT = dwarf;
				ENABLE_STRICT_OBJC_MSGSEND = YES;
				ENABLE_TESTABILITY = YES;
				GCC_C_LANGUAGE_STANDARD = gnu11;
				GCC_DYNAMIC_NO_PIC = NO;
				GCC_NO_COMMON_BLOCKS = YES;
				GCC_OPTIMIZATION_LEVEL = 0;
				GCC_PREPROCESSOR_DEFINITIONS = (
					"DEBUG=1",
					"$(inherited)",
				);
				GCC_WARN_64_TO_32_BIT_CONVERSION = YES;
				GCC_WARN_ABOUT_RETURN_TYPE = YES_ERROR;
				GCC_WARN_UNDECLARED_SELECTOR = YES;
				GCC_WARN_UNINITIALIZED_AUTOS = YES_AGGRESSIVE;
				GCC_WARN_UNUSED_FUNCTION = YES;
				GCC_WARN_UNUSED_VARIABLE = YES;
				IPHONEOS_DEPLOYMENT_TARGET = 15.0;
				MTL_ENABLE_DEBUG_INFO = INCLUDE_SOURCE;
				MTL_FAST_MATH = YES;
				ONLY_ACTIVE_ARCH = YES;
				SDKROOT = iphoneos;
				SWIFT_ACTIVE_COMPILATION_CONDITIONS = DEBUG;
				SWIFT_OPTIMIZATION_LEVEL = "-Onone";
			};
			name = Debug;
		};
		57199BCA270438F00032EA68 /* Release */ = {
			isa = XCBuildConfiguration;
			buildSettings = {
				ALWAYS_SEARCH_USER_PATHS = NO;
				CLANG_ANALYZER_NONNULL = YES;
				CLANG_ANALYZER_NUMBER_OBJECT_CONVERSION = YES_AGGRESSIVE;
				CLANG_CXX_LANGUAGE_STANDARD = "gnu++17";
				CLANG_CXX_LIBRARY = "libc++";
				CLANG_ENABLE_MODULES = YES;
				CLANG_ENABLE_OBJC_ARC = YES;
				CLANG_ENABLE_OBJC_WEAK = YES;
				CLANG_WARN_BLOCK_CAPTURE_AUTORELEASING = YES;
				CLANG_WARN_BOOL_CONVERSION = YES;
				CLANG_WARN_COMMA = YES;
				CLANG_WARN_CONSTANT_CONVERSION = YES;
				CLANG_WARN_DEPRECATED_OBJC_IMPLEMENTATIONS = YES;
				CLANG_WARN_DIRECT_OBJC_ISA_USAGE = YES_ERROR;
				CLANG_WARN_DOCUMENTATION_COMMENTS = YES;
				CLANG_WARN_EMPTY_BODY = YES;
				CLANG_WARN_ENUM_CONVERSION = YES;
				CLANG_WARN_INFINITE_RECURSION = YES;
				CLANG_WARN_INT_CONVERSION = YES;
				CLANG_WARN_NON_LITERAL_NULL_CONVERSION = YES;
				CLANG_WARN_OBJC_IMPLICIT_RETAIN_SELF = YES;
				CLANG_WARN_OBJC_LITERAL_CONVERSION = YES;
				CLANG_WARN_OBJC_ROOT_CLASS = YES_ERROR;
				CLANG_WARN_QUOTED_INCLUDE_IN_FRAMEWORK_HEADER = YES;
				CLANG_WARN_RANGE_LOOP_ANALYSIS = YES;
				CLANG_WARN_STRICT_PROTOTYPES = YES;
				CLANG_WARN_SUSPICIOUS_MOVE = YES;
				CLANG_WARN_UNGUARDED_AVAILABILITY = YES_AGGRESSIVE;
				CLANG_WARN_UNREACHABLE_CODE = YES;
				CLANG_WARN__DUPLICATE_METHOD_MATCH = YES;
				COPY_PHASE_STRIP = NO;
				DEBUG_INFORMATION_FORMAT = "dwarf-with-dsym";
				ENABLE_NS_ASSERTIONS = NO;
				ENABLE_STRICT_OBJC_MSGSEND = YES;
				GCC_C_LANGUAGE_STANDARD = gnu11;
				GCC_NO_COMMON_BLOCKS = YES;
				GCC_WARN_64_TO_32_BIT_CONVERSION = YES;
				GCC_WARN_ABOUT_RETURN_TYPE = YES_ERROR;
				GCC_WARN_UNDECLARED_SELECTOR = YES;
				GCC_WARN_UNINITIALIZED_AUTOS = YES_AGGRESSIVE;
				GCC_WARN_UNUSED_FUNCTION = YES;
				GCC_WARN_UNUSED_VARIABLE = YES;
				IPHONEOS_DEPLOYMENT_TARGET = 15.0;
				MTL_ENABLE_DEBUG_INFO = NO;
				MTL_FAST_MATH = YES;
				SDKROOT = iphoneos;
				SWIFT_COMPILATION_MODE = wholemodule;
				SWIFT_OPTIMIZATION_LEVEL = "-O";
				VALIDATE_PRODUCT = YES;
			};
			name = Release;
		};
		57199BCC270438F00032EA68 /* Debug */ = {
			isa = XCBuildConfiguration;
			baseConfigurationReference = E1B048AEDE6FCBE14166E4AA /* Pods-SJZPageListView.debug.xcconfig */;
			buildSettings = {
				ASSETCATALOG_COMPILER_APPICON_NAME = AppIcon;
				ASSETCATALOG_COMPILER_GLOBAL_ACCENT_COLOR_NAME = AccentColor;
				CODE_SIGN_STYLE = Automatic;
				CURRENT_PROJECT_VERSION = 1;
				DEVELOPMENT_TEAM = 6U95EEA546;
				GENERATE_INFOPLIST_FILE = YES;
				INFOPLIST_FILE = SJZPageListView/Info.plist;
				INFOPLIST_KEY_UIApplicationSupportsIndirectInputEvents = YES;
				INFOPLIST_KEY_UILaunchStoryboardName = LaunchScreen;
				INFOPLIST_KEY_UIMainStoryboardFile = Main;
				INFOPLIST_KEY_UISupportedInterfaceOrientations_iPad = "UIInterfaceOrientationPortrait UIInterfaceOrientationPortraitUpsideDown UIInterfaceOrientationLandscapeLeft UIInterfaceOrientationLandscapeRight";
				INFOPLIST_KEY_UISupportedInterfaceOrientations_iPhone = "UIInterfaceOrientationPortrait UIInterfaceOrientationLandscapeLeft UIInterfaceOrientationLandscapeRight";
				IPHONEOS_DEPLOYMENT_TARGET = 9.0;
				LD_RUNPATH_SEARCH_PATHS = (
					"$(inherited)",
					"@executable_path/Frameworks",
				);
				MARKETING_VERSION = 1.0;
				PRODUCT_BUNDLE_IDENTIFIER = com.sjz.SJZPageListView;
				PRODUCT_NAME = "$(TARGET_NAME)";
				SWIFT_EMIT_LOC_STRINGS = YES;
				SWIFT_VERSION = 5.0;
				TARGETED_DEVICE_FAMILY = 1;
			};
			name = Debug;
		};
		57199BCD270438F00032EA68 /* Release */ = {
			isa = XCBuildConfiguration;
			baseConfigurationReference = 4FD521D045F9619845DD0015 /* Pods-SJZPageListView.release.xcconfig */;
			buildSettings = {
				ASSETCATALOG_COMPILER_APPICON_NAME = AppIcon;
				ASSETCATALOG_COMPILER_GLOBAL_ACCENT_COLOR_NAME = AccentColor;
				CODE_SIGN_STYLE = Automatic;
				CURRENT_PROJECT_VERSION = 1;
				DEVELOPMENT_TEAM = 6U95EEA546;
				GENERATE_INFOPLIST_FILE = YES;
				INFOPLIST_FILE = SJZPageListView/Info.plist;
				INFOPLIST_KEY_UIApplicationSupportsIndirectInputEvents = YES;
				INFOPLIST_KEY_UILaunchStoryboardName = LaunchScreen;
				INFOPLIST_KEY_UIMainStoryboardFile = Main;
				INFOPLIST_KEY_UISupportedInterfaceOrientations_iPad = "UIInterfaceOrientationPortrait UIInterfaceOrientationPortraitUpsideDown UIInterfaceOrientationLandscapeLeft UIInterfaceOrientationLandscapeRight";
				INFOPLIST_KEY_UISupportedInterfaceOrientations_iPhone = "UIInterfaceOrientationPortrait UIInterfaceOrientationLandscapeLeft UIInterfaceOrientationLandscapeRight";
				IPHONEOS_DEPLOYMENT_TARGET = 9.0;
				LD_RUNPATH_SEARCH_PATHS = (
					"$(inherited)",
					"@executable_path/Frameworks",
				);
				MARKETING_VERSION = 1.0;
				PRODUCT_BUNDLE_IDENTIFIER = com.sjz.SJZPageListView;
				PRODUCT_NAME = "$(TARGET_NAME)";
				SWIFT_EMIT_LOC_STRINGS = YES;
				SWIFT_VERSION = 5.0;
				TARGETED_DEVICE_FAMILY = 1;
			};
			name = Release;
		};
/* End XCBuildConfiguration section */

/* Begin XCConfigurationList section */
		57199BB2270438EC0032EA68 /* Build configuration list for PBXProject "SJZPageListView" */ = {
			isa = XCConfigurationList;
			buildConfigurations = (
				57199BC9270438F00032EA68 /* Debug */,
				57199BCA270438F00032EA68 /* Release */,
			);
			defaultConfigurationIsVisible = 0;
			defaultConfigurationName = Release;
		};
		57199BCB270438F00032EA68 /* Build configuration list for PBXNativeTarget "SJZPageListView" */ = {
			isa = XCConfigurationList;
			buildConfigurations = (
				57199BCC270438F00032EA68 /* Debug */,
				57199BCD270438F00032EA68 /* Release */,
			);
			defaultConfigurationIsVisible = 0;
			defaultConfigurationName = Release;
		};
/* End XCConfigurationList section */
	};
	rootObject = 57199BAF270438EC0032EA68 /* Project object */;
}
